<?xml version="1.0" encoding="utf-8"?>
<Project ToolsVersion="4.0" xmlns="http://schemas.microsoft.com/developer/msbuild/2003">
  <ItemGroup>
    <Filter Include="sourcesdk">
      <UniqueIdentifier>{fc0ac858-e90f-4cac-945c-75b4528fdf94}</UniqueIdentifier>
    </Filter>
    <Filter Include="sourcesdk\public">
      <UniqueIdentifier>{b532b36c-85ef-44ae-8202-658a930e18e1}</UniqueIdentifier>
    </Filter>
  </ItemGroup>
  <ItemGroup>
    <ClInclude Include="sourcesdk\public\eiface.h">
      <Filter>sourcesdk\public</Filter>
    </ClInclude>
    <ClInclude Include="sourcesdk\public\inetmsghandler.h">
      <Filter>sourcesdk\public</Filter>
    </ClInclude>
    <ClInclude Include="sourcesdk\public\iserver.h">
      <Filter>sourcesdk\public</Filter>
    </ClInclude>
    <ClInclude Include="ServerPlugin.h" />
    <ClInclude Include="sourcesdk\public\iclient.h">
      <Filter>sourcesdk\public</Filter>
    </ClInclude>
  </ItemGroup>
  <ItemGroup>
    <ClCompile Include="ServerPlugin.cpp" />
  </ItemGroup>
</Project>