<?xml version="1.0" encoding="utf-8"?>
<Project ToolsVersion="4.0" xmlns="http://schemas.microsoft.com/developer/msbuild/2003">
  <ItemGroup>
    <Filter Include="sourcesdk">
      <UniqueIdentifier>{fc0ac858-e90f-4cac-945c-75b4528fdf94}</UniqueIdentifier>
    </Filter>
    <Filter Include="sourcesdk\public">
      <UniqueIdentifier>{b532b36c-85ef-44ae-8202-658a930e18e1}</UniqueIdentifier>
    </Filter>
    <Filter Include="sourcesdk\common">
      <UniqueIdentifier>{3e3bd0c1-c845-4c8f-b0d9-9c214cdb22a8}</UniqueIdentifier>
    </Filter>
    <Filter Include="sourcesdk\public\tier1">
      <UniqueIdentifier>{31ac16fe-fb88-4d34-a6c6-8056ab2e0207}</UniqueIdentifier>
    </Filter>
    <Filter Include="sourcesdk\tier1">
      <UniqueIdentifier>{e9d34ba9-7522-4c06-84c4-6acdf06f6972}</UniqueIdentifier>
    </Filter>
    <Filter Include="dsp">
      <UniqueIdentifier>{944be66c-aa11-451d-98e4-8b8d6e4f38e0}</UniqueIdentifier>
    </Filter>
  </ItemGroup>
  <ItemGroup>
    <ClInclude Include="sourcesdk\public\eiface.h">
      <Filter>sourcesdk\public</Filter>
    </ClInclude>
    <ClInclude Include="sourcesdk\public\inetmsghandler.h">
      <Filter>sourcesdk\public</Filter>
    </ClInclude>
    <ClInclude Include="sourcesdk\public\iserver.h">
      <Filter>sourcesdk\public</Filter>
    </ClInclude>
    <ClInclude Include="ServerPlugin.h" />
    <ClInclude Include="sourcesdk\public\iclient.h">
      <Filter>sourcesdk\public</Filter>
    </ClInclude>
    <ClInclude Include="sourcesdk\public\inetchannelinfo.h">
      <Filter>sourcesdk\public</Filter>
    </ClInclude>
    <ClInclude Include="sourcesdk\public\inetchannel.h">
      <Filter>sourcesdk\public</Filter>
    </ClInclude>
    <ClInclude Include="sourcesdk\public\inetmessage.h">
      <Filter>sourcesdk\public</Filter>
    </ClInclude>
    <ClInclude Include="sourcesdk\common\netmessages.h">
      <Filter>sourcesdk\common</Filter>
    </ClInclude>
    <ClInclude Include="sourcesdk\common\protocol.h">
      <Filter>sourcesdk\common</Filter>
    </ClInclude>
    <ClInclude Include="sourcesdk\public\tier1\bitbuf.h">
      <Filter>sourcesdk\public\tier1</Filter>
    </ClInclude>
    <ClInclude Include="sourcesdk\public\tier1\valve_support.h">
      <Filter>sourcesdk\public\tier1</Filter>
    </ClInclude>
    <ClInclude Include="sourcesdk\public\tier1\vector.h">
      <Filter>sourcesdk\public\tier1</Filter>
    </ClInclude>
    <ClInclude Include="VAudioCeltCodecManager.h" />
    <ClInclude Include="dsp\phaser.h">
      <Filter>dsp</Filter>
    </ClInclude>
    <ClInclude Include="dsp\bitcrush.h">
      <Filter>dsp</Filter>
    </ClInclude>
    <ClInclude Include="VoiceDataHook.h" />
  </ItemGroup>
  <ItemGroup>
    <ClCompile Include="ServerPlugin.cpp" />
    <ClCompile Include="sourcesdk\tier1\bitbuf.cpp">
      <Filter>sourcesdk\tier1</Filter>
    </ClCompile>
    <ClCompile Include="VAudioCeltCodecManager.cpp" />
    <ClCompile Include="VoiceDataHook.cpp" />
  </ItemGroup>
</Project>